// !$*UTF8*$!
{
	archiveVersion = 1;
	classes = {
	};
	objectVersion = 50;
	objects = {

/* Begin PBXBuildFile section */
		142D6BF0230848FD005E618D /* Node.swift in Sources */ = {isa = PBXBuildFile; fileRef = 142D6BEF230848FD005E618D /* Node.swift */; };
		142D6BF223084915005E618D /* LinkedList.swift in Sources */ = {isa = PBXBuildFile; fileRef = 142D6BF123084915005E618D /* LinkedList.swift */; };
		142D6BF423084958005E618D /* LinkedListTests.swift in Sources */ = {isa = PBXBuildFile; fileRef = 142D6BF323084958005E618D /* LinkedListTests.swift */; };
		143590AB23FD095A00B16809 /* FourSumTests.swift in Sources */ = {isa = PBXBuildFile; fileRef = 143590AA23FD095A00B16809 /* FourSumTests.swift */; };
		143590AD23FD0A0500B16809 /* ThreeSumTests.swift in Sources */ = {isa = PBXBuildFile; fileRef = 143590AC23FD0A0500B16809 /* ThreeSumTests.swift */; };
		145E707123FBDEC60097B79D /* TwoSumTests.swift in Sources */ = {isa = PBXBuildFile; fileRef = 145E707023FBDEC60097B79D /* TwoSumTests.swift */; };
		14655DCC23DD3BD8007C4D18 /* ReverseStringTests.swift in Sources */ = {isa = PBXBuildFile; fileRef = 14655DCB23DD3BD8007C4D18 /* ReverseStringTests.swift */; };
		1471BE2223FFBDE80016A57F /* HashTable.swift in Sources */ = {isa = PBXBuildFile; fileRef = 1471BE2123FFBDE80016A57F /* HashTable.swift */; };
		1471BE2423FFFB180016A57F /* HashTableTests.swift in Sources */ = {isa = PBXBuildFile; fileRef = 1471BE2323FFFB180016A57F /* HashTableTests.swift */; };
		1493436C242135D1008CDC61 /* SameTreeTests.swift in Sources */ = {isa = PBXBuildFile; fileRef = 1493436B242135D1008CDC61 /* SameTreeTests.swift */; };
		149E599024216B2000902DEB /* MaximunDepthOfBinaryTreeTests.swift in Sources */ = {isa = PBXBuildFile; fileRef = 149E598F24216B2000902DEB /* MaximunDepthOfBinaryTreeTests.swift */; };
		14B4CAB622B4F5F600DDD5C3 /* leetcode.framework in Frameworks */ = {isa = PBXBuildFile; fileRef = 14B4CAAC22B4F5F600DDD5C3 /* leetcode.framework */; };
		14B4CABB22B4F5F600DDD5C3 /* ValidPalindromeTests.swift in Sources */ = {isa = PBXBuildFile; fileRef = 14B4CABA22B4F5F600DDD5C3 /* ValidPalindromeTests.swift */; };
		14B4CABD22B4F5F600DDD5C3 /* leetcode.h in Headers */ = {isa = PBXBuildFile; fileRef = 14B4CAAF22B4F5F600DDD5C3 /* leetcode.h */; settings = {ATTRIBUTES = (Public, ); }; };
		14B4CAC722B532E300DDD5C3 /* ReverseIntegerTests.swift in Sources */ = {isa = PBXBuildFile; fileRef = 14B4CAC622B532E300DDD5C3 /* ReverseIntegerTests.swift */; };
		14B4CAC922B53E1D00DDD5C3 /* PalindromeNumberTests.swift in Sources */ = {isa = PBXBuildFile; fileRef = 14B4CAC822B53E1D00DDD5C3 /* PalindromeNumberTests.swift */; };
		14DF5738242010E20001A3E5 /* LongestPalindromeTests.swift in Sources */ = {isa = PBXBuildFile; fileRef = 14DF5737242010E20001A3E5 /* LongestPalindromeTests.swift */; };
		14F59D7624139DB200F638B7 /* CopyOnWriteTests.swift in Sources */ = {isa = PBXBuildFile; fileRef = 14F59D7524139DB200F638B7 /* CopyOnWriteTests.swift */; };
/* End PBXBuildFile section */

/* Begin PBXContainerItemProxy section */
		14B4CAB722B4F5F600DDD5C3 /* PBXContainerItemProxy */ = {
			isa = PBXContainerItemProxy;
			containerPortal = 14B4CAA322B4F5F600DDD5C3 /* Project object */;
			proxyType = 1;
			remoteGlobalIDString = 14B4CAAB22B4F5F600DDD5C3;
			remoteInfo = leetcode;
		};
/* End PBXContainerItemProxy section */

/* Begin PBXFileReference section */
		142D6BEF230848FD005E618D /* Node.swift */ = {isa = PBXFileReference; lastKnownFileType = sourcecode.swift; path = Node.swift; sourceTree = "<group>"; };
		142D6BF123084915005E618D /* LinkedList.swift */ = {isa = PBXFileReference; lastKnownFileType = sourcecode.swift; path = LinkedList.swift; sourceTree = "<group>"; };
		142D6BF323084958005E618D /* LinkedListTests.swift */ = {isa = PBXFileReference; lastKnownFileType = sourcecode.swift; path = LinkedListTests.swift; sourceTree = "<group>"; };
		143590AA23FD095A00B16809 /* FourSumTests.swift */ = {isa = PBXFileReference; lastKnownFileType = sourcecode.swift; path = FourSumTests.swift; sourceTree = "<group>"; };
		143590AC23FD0A0500B16809 /* ThreeSumTests.swift */ = {isa = PBXFileReference; lastKnownFileType = sourcecode.swift; path = ThreeSumTests.swift; sourceTree = "<group>"; };
		145E707023FBDEC60097B79D /* TwoSumTests.swift */ = {isa = PBXFileReference; lastKnownFileType = sourcecode.swift; path = TwoSumTests.swift; sourceTree = "<group>"; };
		14655DCB23DD3BD8007C4D18 /* ReverseStringTests.swift */ = {isa = PBXFileReference; lastKnownFileType = sourcecode.swift; path = ReverseStringTests.swift; sourceTree = "<group>"; };
		1471BE2123FFBDE80016A57F /* HashTable.swift */ = {isa = PBXFileReference; lastKnownFileType = sourcecode.swift; path = HashTable.swift; sourceTree = "<group>"; };
		1471BE2323FFFB180016A57F /* HashTableTests.swift */ = {isa = PBXFileReference; lastKnownFileType = sourcecode.swift; path = HashTableTests.swift; sourceTree = "<group>"; };
		1493436B242135D1008CDC61 /* SameTreeTests.swift */ = {isa = PBXFileReference; lastKnownFileType = sourcecode.swift; path = SameTreeTests.swift; sourceTree = "<group>"; };
		149E598F24216B2000902DEB /* MaximunDepthOfBinaryTreeTests.swift */ = {isa = PBXFileReference; lastKnownFileType = sourcecode.swift; path = MaximunDepthOfBinaryTreeTests.swift; sourceTree = "<group>"; };
		14B4CAAC22B4F5F600DDD5C3 /* leetcode.framework */ = {isa = PBXFileReference; explicitFileType = wrapper.framework; includeInIndex = 0; path = leetcode.framework; sourceTree = BUILT_PRODUCTS_DIR; };
		14B4CAAF22B4F5F600DDD5C3 /* leetcode.h */ = {isa = PBXFileReference; lastKnownFileType = sourcecode.c.h; path = leetcode.h; sourceTree = "<group>"; };
		14B4CAB022B4F5F600DDD5C3 /* Info.plist */ = {isa = PBXFileReference; lastKnownFileType = text.plist.xml; path = Info.plist; sourceTree = "<group>"; };
		14B4CAB522B4F5F600DDD5C3 /* leetcodeTests.xctest */ = {isa = PBXFileReference; explicitFileType = wrapper.cfbundle; includeInIndex = 0; path = leetcodeTests.xctest; sourceTree = BUILT_PRODUCTS_DIR; };
		14B4CABA22B4F5F600DDD5C3 /* ValidPalindromeTests.swift */ = {isa = PBXFileReference; lastKnownFileType = sourcecode.swift; path = ValidPalindromeTests.swift; sourceTree = "<group>"; };
		14B4CABC22B4F5F600DDD5C3 /* Info.plist */ = {isa = PBXFileReference; lastKnownFileType = text.plist.xml; path = Info.plist; sourceTree = "<group>"; };
		14B4CAC622B532E300DDD5C3 /* ReverseIntegerTests.swift */ = {isa = PBXFileReference; lastKnownFileType = sourcecode.swift; path = ReverseIntegerTests.swift; sourceTree = "<group>"; };
		14B4CAC822B53E1D00DDD5C3 /* PalindromeNumberTests.swift */ = {isa = PBXFileReference; lastKnownFileType = sourcecode.swift; path = PalindromeNumberTests.swift; sourceTree = "<group>"; };
		14DF5737242010E20001A3E5 /* LongestPalindromeTests.swift */ = {isa = PBXFileReference; lastKnownFileType = sourcecode.swift; path = LongestPalindromeTests.swift; sourceTree = "<group>"; };
		14F59D7524139DB200F638B7 /* CopyOnWriteTests.swift */ = {isa = PBXFileReference; lastKnownFileType = sourcecode.swift; path = CopyOnWriteTests.swift; sourceTree = "<group>"; };
/* End PBXFileReference section */

/* Begin PBXFrameworksBuildPhase section */
		14B4CAA922B4F5F600DDD5C3 /* Frameworks */ = {
			isa = PBXFrameworksBuildPhase;
			buildActionMask = 2147483647;
			files = (
			);
			runOnlyForDeploymentPostprocessing = 0;
		};
		14B4CAB222B4F5F600DDD5C3 /* Frameworks */ = {
			isa = PBXFrameworksBuildPhase;
			buildActionMask = 2147483647;
			files = (
				14B4CAB622B4F5F600DDD5C3 /* leetcode.framework in Frameworks */,
			);
			runOnlyForDeploymentPostprocessing = 0;
		};
/* End PBXFrameworksBuildPhase section */

/* Begin PBXGroup section */
		142D6BF523084DBD005E618D /* LinkedList */ = {
			isa = PBXGroup;
			children = (
				142D6BEF230848FD005E618D /* Node.swift */,
				142D6BF123084915005E618D /* LinkedList.swift */,
			);
			path = LinkedList;
			sourceTree = "<group>";
		};
		14934368242129E1008CDC61 /* Sum */ = {
			isa = PBXGroup;
			children = (
				145E707023FBDEC60097B79D /* TwoSumTests.swift */,
				143590AA23FD095A00B16809 /* FourSumTests.swift */,
				143590AC23FD0A0500B16809 /* ThreeSumTests.swift */,
			);
			path = Sum;
			sourceTree = "<group>";
		};
		1493436924212A08008CDC61 /* Palindrome */ = {
			isa = PBXGroup;
			children = (
				14B4CAC822B53E1D00DDD5C3 /* PalindromeNumberTests.swift */,
				14B4CABA22B4F5F600DDD5C3 /* ValidPalindromeTests.swift */,
				14DF5737242010E20001A3E5 /* LongestPalindromeTests.swift */,
			);
			path = Palindrome;
			sourceTree = "<group>";
		};
		1493436A242135B7008CDC61 /* Tree */ = {
			isa = PBXGroup;
			children = (
				1493436B242135D1008CDC61 /* SameTreeTests.swift */,
				149E598F24216B2000902DEB /* MaximunDepthOfBinaryTreeTests.swift */,
			);
			path = Tree;
			sourceTree = "<group>";
		};
		14B4CAA222B4F5F600DDD5C3 = {
			isa = PBXGroup;
			children = (
				14B4CAAE22B4F5F600DDD5C3 /* leetcode */,
				14B4CAB922B4F5F600DDD5C3 /* leetcodeTests */,
				14B4CAAD22B4F5F600DDD5C3 /* Products */,
			);
			sourceTree = "<group>";
		};
		14B4CAAD22B4F5F600DDD5C3 /* Products */ = {
			isa = PBXGroup;
			children = (
				14B4CAAC22B4F5F600DDD5C3 /* leetcode.framework */,
				14B4CAB522B4F5F600DDD5C3 /* leetcodeTests.xctest */,
			);
			name = Products;
			sourceTree = "<group>";
		};
		14B4CAAE22B4F5F600DDD5C3 /* leetcode */ = {
			isa = PBXGroup;
			children = (
				142D6BF523084DBD005E618D /* LinkedList */,
				14B4CAAF22B4F5F600DDD5C3 /* leetcode.h */,
				14B4CAB022B4F5F600DDD5C3 /* Info.plist */,
				1471BE2123FFBDE80016A57F /* HashTable.swift */,
			);
			path = leetcode;
			sourceTree = "<group>";
		};
		14B4CAB922B4F5F600DDD5C3 /* leetcodeTests */ = {
			isa = PBXGroup;
			children = (
				1493436A242135B7008CDC61 /* Tree */,
				1493436924212A08008CDC61 /* Palindrome */,
				14934368242129E1008CDC61 /* Sum */,
				14B4CAC622B532E300DDD5C3 /* ReverseIntegerTests.swift */,
				142D6BF323084958005E618D /* LinkedListTests.swift */,
				14655DCB23DD3BD8007C4D18 /* ReverseStringTests.swift */,
				1471BE2323FFFB180016A57F /* HashTableTests.swift */,
				14F59D7524139DB200F638B7 /* CopyOnWriteTests.swift */,
				14B4CABC22B4F5F600DDD5C3 /* Info.plist */,
			);
			path = leetcodeTests;
			sourceTree = "<group>";
		};
/* End PBXGroup section */

/* Begin PBXHeadersBuildPhase section */
		14B4CAA722B4F5F600DDD5C3 /* Headers */ = {
			isa = PBXHeadersBuildPhase;
			buildActionMask = 2147483647;
			files = (
				14B4CABD22B4F5F600DDD5C3 /* leetcode.h in Headers */,
			);
			runOnlyForDeploymentPostprocessing = 0;
		};
/* End PBXHeadersBuildPhase section */

/* Begin PBXNativeTarget section */
		14B4CAAB22B4F5F600DDD5C3 /* leetcode */ = {
			isa = PBXNativeTarget;
			buildConfigurationList = 14B4CAC022B4F5F600DDD5C3 /* Build configuration list for PBXNativeTarget "leetcode" */;
			buildPhases = (
				14B4CAA722B4F5F600DDD5C3 /* Headers */,
				14B4CAA822B4F5F600DDD5C3 /* Sources */,
				14B4CAA922B4F5F600DDD5C3 /* Frameworks */,
				14B4CAAA22B4F5F600DDD5C3 /* Resources */,
			);
			buildRules = (
			);
			dependencies = (
			);
			name = leetcode;
			productName = leetcode;
			productReference = 14B4CAAC22B4F5F600DDD5C3 /* leetcode.framework */;
			productType = "com.apple.product-type.framework";
		};
		14B4CAB422B4F5F600DDD5C3 /* leetcodeTests */ = {
			isa = PBXNativeTarget;
			buildConfigurationList = 14B4CAC322B4F5F600DDD5C3 /* Build configuration list for PBXNativeTarget "leetcodeTests" */;
			buildPhases = (
				14B4CAB122B4F5F600DDD5C3 /* Sources */,
				14B4CAB222B4F5F600DDD5C3 /* Frameworks */,
				14B4CAB322B4F5F600DDD5C3 /* Resources */,
			);
			buildRules = (
			);
			dependencies = (
				14B4CAB822B4F5F600DDD5C3 /* PBXTargetDependency */,
			);
			name = leetcodeTests;
			productName = leetcodeTests;
			productReference = 14B4CAB522B4F5F600DDD5C3 /* leetcodeTests.xctest */;
			productType = "com.apple.product-type.bundle.unit-test";
		};
/* End PBXNativeTarget section */

/* Begin PBXProject section */
		14B4CAA322B4F5F600DDD5C3 /* Project object */ = {
			isa = PBXProject;
			attributes = {
				LastSwiftUpdateCheck = 1020;
				LastUpgradeCheck = 1020;
				ORGANIZATIONNAME = "登秝吳";
				TargetAttributes = {
					14B4CAAB22B4F5F600DDD5C3 = {
						CreatedOnToolsVersion = 10.2.1;
						LastSwiftMigration = 1030;
					};
					14B4CAB422B4F5F600DDD5C3 = {
						CreatedOnToolsVersion = 10.2.1;
					};
				};
			};
			buildConfigurationList = 14B4CAA622B4F5F600DDD5C3 /* Build configuration list for PBXProject "leetcode" */;
			compatibilityVersion = "Xcode 9.3";
			developmentRegion = en;
			hasScannedForEncodings = 0;
			knownRegions = (
				en,
			);
			mainGroup = 14B4CAA222B4F5F600DDD5C3;
			productRefGroup = 14B4CAAD22B4F5F600DDD5C3 /* Products */;
			projectDirPath = "";
			projectRoot = "";
			targets = (
				14B4CAAB22B4F5F600DDD5C3 /* leetcode */,
				14B4CAB422B4F5F600DDD5C3 /* leetcodeTests */,
			);
		};
/* End PBXProject section */

/* Begin PBXResourcesBuildPhase section */
		14B4CAAA22B4F5F600DDD5C3 /* Resources */ = {
			isa = PBXResourcesBuildPhase;
			buildActionMask = 2147483647;
			files = (
			);
			runOnlyForDeploymentPostprocessing = 0;
		};
		14B4CAB322B4F5F600DDD5C3 /* Resources */ = {
			isa = PBXResourcesBuildPhase;
			buildActionMask = 2147483647;
			files = (
			);
			runOnlyForDeploymentPostprocessing = 0;
		};
/* End PBXResourcesBuildPhase section */

/* Begin PBXSourcesBuildPhase section */
		14B4CAA822B4F5F600DDD5C3 /* Sources */ = {
			isa = PBXSourcesBuildPhase;
			buildActionMask = 2147483647;
			files = (
				142D6BF0230848FD005E618D /* Node.swift in Sources */,
				1471BE2223FFBDE80016A57F /* HashTable.swift in Sources */,
				142D6BF223084915005E618D /* LinkedList.swift in Sources */,
			);
			runOnlyForDeploymentPostprocessing = 0;
		};
		14B4CAB122B4F5F600DDD5C3 /* Sources */ = {
			isa = PBXSourcesBuildPhase;
			buildActionMask = 2147483647;
			files = (
				14B4CAC922B53E1D00DDD5C3 /* PalindromeNumberTests.swift in Sources */,
				14F59D7624139DB200F638B7 /* CopyOnWriteTests.swift in Sources */,
				1471BE2423FFFB180016A57F /* HashTableTests.swift in Sources */,
				1493436C242135D1008CDC61 /* SameTreeTests.swift in Sources */,
				143590AB23FD095A00B16809 /* FourSumTests.swift in Sources */,
				142D6BF423084958005E618D /* LinkedListTests.swift in Sources */,
				145E707123FBDEC60097B79D /* TwoSumTests.swift in Sources */,
				14B4CABB22B4F5F600DDD5C3 /* ValidPalindromeTests.swift in Sources */,
				14655DCC23DD3BD8007C4D18 /* ReverseStringTests.swift in Sources */,
				143590AD23FD0A0500B16809 /* ThreeSumTests.swift in Sources */,
				14B4CAC722B532E300DDD5C3 /* ReverseIntegerTests.swift in Sources */,
				149E599024216B2000902DEB /* MaximunDepthOfBinaryTreeTests.swift in Sources */,
				14DF5738242010E20001A3E5 /* LongestPalindromeTests.swift in Sources */,
			);
			runOnlyForDeploymentPostprocessing = 0;
		};
/* End PBXSourcesBuildPhase section */

/* Begin PBXTargetDependency section */
		14B4CAB822B4F5F600DDD5C3 /* PBXTargetDependency */ = {
			isa = PBXTargetDependency;
			target = 14B4CAAB22B4F5F600DDD5C3 /* leetcode */;
			targetProxy = 14B4CAB722B4F5F600DDD5C3 /* PBXContainerItemProxy */;
		};
/* End PBXTargetDependency section */

/* Begin XCBuildConfiguration section */
		14B4CABE22B4F5F600DDD5C3 /* Debug */ = {
			isa = XCBuildConfiguration;
			buildSettings = {
				ALWAYS_SEARCH_USER_PATHS = NO;
				CLANG_ANALYZER_NONNULL = YES;
				CLANG_ANALYZER_NUMBER_OBJECT_CONVERSION = YES_AGGRESSIVE;
				CLANG_CXX_LANGUAGE_STANDARD = "gnu++14";
				CLANG_CXX_LIBRARY = "libc++";
				CLANG_ENABLE_MODULES = YES;
				CLANG_ENABLE_OBJC_ARC = YES;
				CLANG_ENABLE_OBJC_WEAK = YES;
				CLANG_WARN_BLOCK_CAPTURE_AUTORELEASING = YES;
				CLANG_WARN_BOOL_CONVERSION = YES;
				CLANG_WARN_COMMA = YES;
				CLANG_WARN_CONSTANT_CONVERSION = YES;
				CLANG_WARN_DEPRECATED_OBJC_IMPLEMENTATIONS = YES;
				CLANG_WARN_DIRECT_OBJC_ISA_USAGE = YES_ERROR;
				CLANG_WARN_DOCUMENTATION_COMMENTS = YES;
				CLANG_WARN_EMPTY_BODY = YES;
				CLANG_WARN_ENUM_CONVERSION = YES;
				CLANG_WARN_INFINITE_RECURSION = YES;
				CLANG_WARN_INT_CONVERSION = YES;
				CLANG_WARN_NON_LITERAL_NULL_CONVERSION = YES;
				CLANG_WARN_OBJC_IMPLICIT_RETAIN_SELF = YES;
				CLANG_WARN_OBJC_LITERAL_CONVERSION = YES;
				CLANG_WARN_OBJC_ROOT_CLASS = YES_ERROR;
				CLANG_WARN_RANGE_LOOP_ANALYSIS = YES;
				CLANG_WARN_STRICT_PROTOTYPES = YES;
				CLANG_WARN_SUSPICIOUS_MOVE = YES;
				CLANG_WARN_UNGUARDED_AVAILABILITY = YES_AGGRESSIVE;
				CLANG_WARN_UNREACHABLE_CODE = YES;
				CLANG_WARN__DUPLICATE_METHOD_MATCH = YES;
				CODE_SIGN_IDENTITY = "iPhone Developer";
				COPY_PHASE_STRIP = NO;
				CURRENT_PROJECT_VERSION = 1;
				DEBUG_INFORMATION_FORMAT = dwarf;
				ENABLE_STRICT_OBJC_MSGSEND = YES;
				ENABLE_TESTABILITY = YES;
				GCC_C_LANGUAGE_STANDARD = gnu11;
				GCC_DYNAMIC_NO_PIC = NO;
				GCC_NO_COMMON_BLOCKS = YES;
				GCC_OPTIMIZATION_LEVEL = 0;
				GCC_PREPROCESSOR_DEFINITIONS = (
					"DEBUG=1",
					"$(inherited)",
				);
				GCC_WARN_64_TO_32_BIT_CONVERSION = YES;
				GCC_WARN_ABOUT_RETURN_TYPE = YES_ERROR;
				GCC_WARN_UNDECLARED_SELECTOR = YES;
				GCC_WARN_UNINITIALIZED_AUTOS = YES_AGGRESSIVE;
				GCC_WARN_UNUSED_FUNCTION = YES;
				GCC_WARN_UNUSED_VARIABLE = YES;
				IPHONEOS_DEPLOYMENT_TARGET = 12.2;
				MTL_ENABLE_DEBUG_INFO = INCLUDE_SOURCE;
				MTL_FAST_MATH = YES;
				ONLY_ACTIVE_ARCH = YES;
				SDKROOT = iphoneos;
				SWIFT_ACTIVE_COMPILATION_CONDITIONS = DEBUG;
				SWIFT_OPTIMIZATION_LEVEL = "-Onone";
				VERSIONING_SYSTEM = "apple-generic";
				VERSION_INFO_PREFIX = "";
			};
			name = Debug;
		};
		14B4CABF22B4F5F600DDD5C3 /* Release */ = {
			isa = XCBuildConfiguration;
			buildSettings = {
				ALWAYS_SEARCH_USER_PATHS = NO;
				CLANG_ANALYZER_NONNULL = YES;
				CLANG_ANALYZER_NUMBER_OBJECT_CONVERSION = YES_AGGRESSIVE;
				CLANG_CXX_LANGUAGE_STANDARD = "gnu++14";
				CLANG_CXX_LIBRARY = "libc++";
				CLANG_ENABLE_MODULES = YES;
				CLANG_ENABLE_OBJC_ARC = YES;
				CLANG_ENABLE_OBJC_WEAK = YES;
				CLANG_WARN_BLOCK_CAPTURE_AUTORELEASING = YES;
				CLANG_WARN_BOOL_CONVERSION = YES;
				CLANG_WARN_COMMA = YES;
				CLANG_WARN_CONSTANT_CONVERSION = YES;
				CLANG_WARN_DEPRECATED_OBJC_IMPLEMENTATIONS = YES;
				CLANG_WARN_DIRECT_OBJC_ISA_USAGE = YES_ERROR;
				CLANG_WARN_DOCUMENTATION_COMMENTS = YES;
				CLANG_WARN_EMPTY_BODY = YES;
				CLANG_WARN_ENUM_CONVERSION = YES;
				CLANG_WARN_INFINITE_RECURSION = YES;
				CLANG_WARN_INT_CONVERSION = YES;
				CLANG_WARN_NON_LITERAL_NULL_CONVERSION = YES;
				CLANG_WARN_OBJC_IMPLICIT_RETAIN_SELF = YES;
				CLANG_WARN_OBJC_LITERAL_CONVERSION = YES;
				CLANG_WARN_OBJC_ROOT_CLASS = YES_ERROR;
				CLANG_WARN_RANGE_LOOP_ANALYSIS = YES;
				CLANG_WARN_STRICT_PROTOTYPES = YES;
				CLANG_WARN_SUSPICIOUS_MOVE = YES;
				CLANG_WARN_UNGUARDED_AVAILABILITY = YES_AGGRESSIVE;
				CLANG_WARN_UNREACHABLE_CODE = YES;
				CLANG_WARN__DUPLICATE_METHOD_MATCH = YES;
				CODE_SIGN_IDENTITY = "iPhone Developer";
				COPY_PHASE_STRIP = NO;
				CURRENT_PROJECT_VERSION = 1;
				DEBUG_INFORMATION_FORMAT = "dwarf-with-dsym";
				ENABLE_NS_ASSERTIONS = NO;
				ENABLE_STRICT_OBJC_MSGSEND = YES;
				GCC_C_LANGUAGE_STANDARD = gnu11;
				GCC_NO_COMMON_BLOCKS = YES;
				GCC_WARN_64_TO_32_BIT_CONVERSION = YES;
				GCC_WARN_ABOUT_RETURN_TYPE = YES_ERROR;
				GCC_WARN_UNDECLARED_SELECTOR = YES;
				GCC_WARN_UNINITIALIZED_AUTOS = YES_AGGRESSIVE;
				GCC_WARN_UNUSED_FUNCTION = YES;
				GCC_WARN_UNUSED_VARIABLE = YES;
				IPHONEOS_DEPLOYMENT_TARGET = 12.2;
				MTL_ENABLE_DEBUG_INFO = NO;
				MTL_FAST_MATH = YES;
				SDKROOT = iphoneos;
				SWIFT_COMPILATION_MODE = wholemodule;
				SWIFT_OPTIMIZATION_LEVEL = "-O";
				VALIDATE_PRODUCT = YES;
				VERSIONING_SYSTEM = "apple-generic";
				VERSION_INFO_PREFIX = "";
			};
			name = Release;
		};
		14B4CAC122B4F5F600DDD5C3 /* Debug */ = {
			isa = XCBuildConfiguration;
			buildSettings = {
				CLANG_ENABLE_MODULES = YES;
				CODE_SIGN_IDENTITY = "";
				CODE_SIGN_STYLE = Automatic;
				DEFINES_MODULE = YES;
				DYLIB_COMPATIBILITY_VERSION = 1;
				DYLIB_CURRENT_VERSION = 1;
				DYLIB_INSTALL_NAME_BASE = "@rpath";
				INFOPLIST_FILE = leetcode/Info.plist;
				INSTALL_PATH = "$(LOCAL_LIBRARY_DIR)/Frameworks";
				LD_RUNPATH_SEARCH_PATHS = (
					"$(inherited)",
					"@executable_path/Frameworks",
					"@loader_path/Frameworks",
				);
				PRODUCT_BUNDLE_IDENTIFIER = com.dengli.leetcode;
				PRODUCT_NAME = "$(TARGET_NAME:c99extidentifier)";
				SKIP_INSTALL = YES;
				SWIFT_OPTIMIZATION_LEVEL = "-Onone";
				SWIFT_VERSION = 5.0;
				TARGETED_DEVICE_FAMILY = "1,2";
			};
			name = Debug;
		};
		14B4CAC222B4F5F600DDD5C3 /* Release */ = {
			isa = XCBuildConfiguration;
			buildSettings = {
				CLANG_ENABLE_MODULES = YES;
				CODE_SIGN_IDENTITY = "";
				CODE_SIGN_STYLE = Automatic;
				DEFINES_MODULE = YES;
				DYLIB_COMPATIBILITY_VERSION = 1;
				DYLIB_CURRENT_VERSION = 1;
				DYLIB_INSTALL_NAME_BASE = "@rpath";
				INFOPLIST_FILE = leetcode/Info.plist;
				INSTALL_PATH = "$(LOCAL_LIBRARY_DIR)/Frameworks";
				LD_RUNPATH_SEARCH_PATHS = (
					"$(inherited)",
					"@executable_path/Frameworks",
					"@loader_path/Frameworks",
				);
				PRODUCT_BUNDLE_IDENTIFIER = com.dengli.leetcode;
				PRODUCT_NAME = "$(TARGET_NAME:c99extidentifier)";
				SKIP_INSTALL = YES;
				SWIFT_VERSION = 5.0;
				TARGETED_DEVICE_FAMILY = "1,2";
			};
			name = Release;
		};
		14B4CAC422B4F5F600DDD5C3 /* Debug */ = {
			isa = XCBuildConfiguration;
			buildSettings = {
				ALWAYS_EMBED_SWIFT_STANDARD_LIBRARIES = YES;
				CODE_SIGN_STYLE = Automatic;
				INFOPLIST_FILE = leetcodeTests/Info.plist;
				LD_RUNPATH_SEARCH_PATHS = (
					"$(inherited)",
					"@executable_path/Frameworks",
					"@loader_path/Frameworks",
				);
				PRODUCT_BUNDLE_IDENTIFIER = com.dengli.leetcodeTests;
				PRODUCT_NAME = "$(TARGET_NAME)";
				SWIFT_VERSION = 5.0;
				TARGETED_DEVICE_FAMILY = "1,2";
			};
			name = Debug;
		};
		14B4CAC522B4F5F600DDD5C3 /* Release */ = {
			isa = XCBuildConfiguration;
			buildSettings = {
				ALWAYS_EMBED_SWIFT_STANDARD_LIBRARIES = YES;
				CODE_SIGN_STYLE = Automatic;
				INFOPLIST_FILE = leetcodeTests/Info.plist;
				LD_RUNPATH_SEARCH_PATHS = (
					"$(inherited)",
					"@executable_path/Frameworks",
					"@loader_path/Frameworks",
				);
				PRODUCT_BUNDLE_IDENTIFIER = com.dengli.leetcodeTests;
				PRODUCT_NAME = "$(TARGET_NAME)";
				SWIFT_VERSION = 5.0;
				TARGETED_DEVICE_FAMILY = "1,2";
			};
			name = Release;
		};
/* End XCBuildConfiguration section */

/* Begin XCConfigurationList section */
		14B4CAA622B4F5F600DDD5C3 /* Build configuration list for PBXProject "leetcode" */ = {
			isa = XCConfigurationList;
			buildConfigurations = (
				14B4CABE22B4F5F600DDD5C3 /* Debug */,
				14B4CABF22B4F5F600DDD5C3 /* Release */,
			);
			defaultConfigurationIsVisible = 0;
			defaultConfigurationName = Release;
		};
		14B4CAC022B4F5F600DDD5C3 /* Build configuration list for PBXNativeTarget "leetcode" */ = {
			isa = XCConfigurationList;
			buildConfigurations = (
				14B4CAC122B4F5F600DDD5C3 /* Debug */,
				14B4CAC222B4F5F600DDD5C3 /* Release */,
			);
			defaultConfigurationIsVisible = 0;
			defaultConfigurationName = Release;
		};
		14B4CAC322B4F5F600DDD5C3 /* Build configuration list for PBXNativeTarget "leetcodeTests" */ = {
			isa = XCConfigurationList;
			buildConfigurations = (
				14B4CAC422B4F5F600DDD5C3 /* Debug */,
				14B4CAC522B4F5F600DDD5C3 /* Release */,
			);
			defaultConfigurationIsVisible = 0;
			defaultConfigurationName = Release;
		};
/* End XCConfigurationList section */
	};
	rootObject = 14B4CAA322B4F5F600DDD5C3 /* Project object */;
}
